
Microsoft Visual Studio Solution File, Format Version 12.00
# Visual Studio Version 16
VisualStudioVersion = 16.0.30523.141
MinimumVisualStudioVersion = 10.0.40219.1
Project("{8BC9CEB8-8B4A-11D0-8D11-00A0C91BC942}") = "1.3", "1.3.vcxproj", "{E1D1571A-41F3-4D59-94AE-66F7117EAF21}"
EndProject
Project("{8BC9CEB8-8B4A-11D0-8D11-00A0C91BC942}") = "UnitTest1.3", "UnitTest1.3\UnitTest1.3.vcxproj", "{CBFE94D4-844B-4DF5-A25E-35C2EB87B424}"
EndProject
Global
	GlobalSection(SolutionConfigurationPlatforms) = preSolution
		Debug|x64 = Debug|x64
		Debug|x86 = Debug|x86
		Release|x64 = Release|x64
		Release|x86 = Release|x86
	EndGlobalSection
	GlobalSection(ProjectConfigurationPlatforms) = postSolution
		{E1D1571A-41F3-4D59-94AE-66F7117EAF21}.Debug|x64.ActiveCfg = Debug|x64
		{E1D1571A-41F3-4D59-94AE-66F7117EAF21}.Debug|x64.Build.0 = Debug|x64
		{E1D1571A-41F3-4D59-94AE-66F7117EAF21}.Debug|x86.ActiveCfg = Debug|Win32
		{E1D1571A-41F3-4D59-94AE-66F7117EAF21}.Debug|x86.Build.0 = Debug|Win32
		{E1D1571A-41F3-4D59-94AE-66F7117EAF21}.Release|x64.ActiveCfg = Release|x64
		{E1D1571A-41F3-4D59-94AE-66F7117EAF21}.Release|x64.Build.0 = Release|x64
		{E1D1571A-41F3-4D59-94AE-66F7117EAF21}.Release|x86.ActiveCfg = Release|Win32
		{E1D1571A-41F3-4D59-94AE-66F7117EAF21}.Release|x86.Build.0 = Release|Win32
		{CBFE94D4-844B-4DF5-A25E-35C2EB87B424}.Debug|x64.ActiveCfg = Debug|x64
		{CBFE94D4-844B-4DF5-A25E-35C2EB87B424}.Debug|x64.Build.0 = Debug|x64
		{CBFE94D4-844B-4DF5-A25E-35C2EB87B424}.Debug|x86.ActiveCfg = Debug|Win32
		{CBFE94D4-844B-4DF5-A25E-35C2EB87B424}.Debug|x86.Build.0 = Debug|Win32
		{CBFE94D4-844B-4DF5-A25E-35C2EB87B424}.Release|x64.ActiveCfg = Release|x64
		{CBFE94D4-844B-4DF5-A25E-35C2EB87B424}.Release|x64.Build.0 = Release|x64
		{CBFE94D4-844B-4DF5-A25E-35C2EB87B424}.Release|x86.ActiveCfg = Release|Win32
		{CBFE94D4-844B-4DF5-A25E-35C2EB87B424}.Release|x86.Build.0 = Release|Win32
	EndGlobalSection
	GlobalSection(SolutionProperties) = preSolution
		HideSolutionNode = FALSE
	EndGlobalSection
	GlobalSection(ExtensibilityGlobals) = postSolution
		SolutionGuid = {33617EC8-862B-4106-8685-330C157953DC}
	EndGlobalSection
EndGlobal
